# THIS IS AN AUTOGENERATED FILE. DO NOT EDIT THIS FILE DIRECTLY.
# yarn lockfile v1
extsprintf@1.2.0:
  version "1.2.0"
  resolved "https://registry.yarnpkg.com/extsprintf/-/extsprintf-1.2.0.tgz#5ad946c22f5b32ba7f8cd7426711c6e8a3fc2529"

node-mod-load@^3.1.0:
  version "3.1.0"
  resolved "https://registry.yarnpkg.com/node-mod-load/-/node-mod-load-3.1.0.tgz#d89bf0795c021ce418cdf46bcc1b84ab65d60285"

promise-defer@^1.0.0:
  version "1.0.0"
  resolved "https://registry.yarnpkg.com/promise-defer/-/promise-defer-1.0.0.tgz#25a8093f19bab40c62a8e464c97d04fe4cdc0a24"

vasync@^1.6.0:
  version "1.6.4"
  resolved "https://registry.yarnpkg.com/vasync/-/vasync-1.6.4.tgz#dfe93616ad0e7ae801b332a9d88bfc5cdc8e1d1f"
  dependencies:
    verror "1.6.0"

verror@1.6.0:
  version "1.6.0"
  resolved "https://registry.yarnpkg.com/verror/-/verror-1.6.0.tgz#7d13b27b1facc2e2da90405eb5ea6e5bdd252ea5"
  dependencies:
    extsprintf "1.2.0"

